
Microsoft Visual Studio Solution File, Format Version 12.00
# Visual Studio 15
VisualStudioVersion = 15.0.28307.1321
MinimumVisualStudioVersion = 10.0.40219.1
Project("{FAE04EC0-301F-11D3-BF4B-00C04F79EFBC}") = "CINEMA", "CINEMA\CINEMA.csproj", "{88CF3BB3-8CB9-4325-A499-B0A153654B61}"
EndProject
Global
	GlobalSection(SolutionConfigurationPlatforms) = preSolution
		Debug|Any CPU = Debug|Any CPU
		Release|Any CPU = Release|Any CPU
	EndGlobalSection
	GlobalSection(ProjectConfigurationPlatforms) = postSolution
		{88CF3BB3-8CB9-4325-A499-B0A153654B61}.Debug|Any CPU.ActiveCfg = Debug|Any CPU
		{88CF3BB3-8CB9-4325-A499-B0A153654B61}.Debug|Any CPU.Build.0 = Debug|Any CPU
		{88CF3BB3-8CB9-4325-A499-B0A153654B61}.Release|Any CPU.ActiveCfg = Release|Any CPU
		{88CF3BB3-8CB9-4325-A499-B0A153654B61}.Release|Any CPU.Build.0 = Release|Any CPU
	EndGlobalSection
	GlobalSection(SolutionProperties) = preSolution
		HideSolutionNode = FALSE
	EndGlobalSection
	GlobalSection(ExtensibilityGlobals) = postSolution
		SolutionGuid = {0FFAA36C-3DEB-4D13-952F-6B7EA1EDD435}
	EndGlobalSection
EndGlobal
